
Microsoft Visual Studio Solution File, Format Version 12.00
# Visual Studio Version 17
VisualStudioVersion = 17.11.35222.181
MinimumVisualStudioVersion = 10.0.40219.1
Project("{9A19103F-16F7-4668-BE54-9A1E7A4F7556}") = "GameService", "GameService\GameService.csproj", "{9F6FA313-5AA7-44CE-878E-164A2EF9412A}"
EndProject
Project("{E53339B2-1760-4266-BCC7-CA923CBCF16C}") = "docker-compose", "docker-compose.dcproj", "{ABE0771A-6D50-492B-A7A9-7E0797063912}"
EndProject
Global
	GlobalSection(SolutionConfigurationPlatforms) = preSolution
		Debug|Any CPU = Debug|Any CPU
		Release|Any CPU = Release|Any CPU
	EndGlobalSection
	GlobalSection(ProjectConfigurationPlatforms) = postSolution
		{9F6FA313-5AA7-44CE-878E-164A2EF9412A}.Debug|Any CPU.ActiveCfg = Debug|Any CPU
		{9F6FA313-5AA7-44CE-878E-164A2EF9412A}.Debug|Any CPU.Build.0 = Debug|Any CPU
		{9F6FA313-5AA7-44CE-878E-164A2EF9412A}.Release|Any CPU.ActiveCfg = Release|Any CPU
		{9F6FA313-5AA7-44CE-878E-164A2EF9412A}.Release|Any CPU.Build.0 = Release|Any CPU
		{ABE0771A-6D50-492B-A7A9-7E0797063912}.Debug|Any CPU.ActiveCfg = Debug|Any CPU
		{ABE0771A-6D50-492B-A7A9-7E0797063912}.Debug|Any CPU.Build.0 = Debug|Any CPU
		{ABE0771A-6D50-492B-A7A9-7E0797063912}.Release|Any CPU.ActiveCfg = Release|Any CPU
		{ABE0771A-6D50-492B-A7A9-7E0797063912}.Release|Any CPU.Build.0 = Release|Any CPU
	EndGlobalSection
	GlobalSection(SolutionProperties) = preSolution
		HideSolutionNode = FALSE
	EndGlobalSection
	GlobalSection(ExtensibilityGlobals) = postSolution
		SolutionGuid = {FA5F7790-0BB8-4637-BC0A-24F52374A6BF}
	EndGlobalSection
EndGlobal
